PODS:
  - Alamofire (4.9.1)
  - AlamofireImage (3.6.0):
    - Alamofire (~> 4.9)
  - Bolts/Tasks (1.9.1)
  - MessageInputBar (0.4.1):
    - MessageInputBar/Core (= 0.4.1)
  - MessageInputBar/Core (0.4.1)
  - Parse (1.19.1):
    - Parse/Core (= 1.19.1)
  - Parse/Core (1.19.1):
    - Bolts/Tasks (= 1.9.1)

DEPENDENCIES:
  - AlamofireImage
  - MessageInputBar
  - Parse

SPEC REPOS:
  trunk:
    - Alamofire
    - AlamofireImage
    - Bolts
    - MessageInputBar
    - Parse

SPEC CHECKSUMS:
  Alamofire: 85e8a02c69d6020a0d734f6054870d7ecb75cf18
  AlamofireImage: be9963c6582d68b39e89191f64c82a7d7bf40fdd
  Bolts: 8c1e8aab2f603387b8b9924f57d1d64f43d3ffdc
  MessageInputBar: e81c7535347f1f7b923de7080409a535a004b6e4
  Parse: e40fdb9c7d665823b7fe9865949cac9a53eb2ce7

PODFILE CHECKSUM: 747cf96eed68af1c0ed5f06b46b145b3e347d45e

COCOAPODS: 1.10.0
